
Microsoft Visual Studio Solution File, Format Version 12.00
# Visual Studio Version 17
VisualStudioVersion = 17.7.34003.232
MinimumVisualStudioVersion = 10.0.40219.1
Project("{8BC9CEB8-8B4A-11D0-8D11-00A0C91BC942}") = "Professional-Cpp", "Professional-Cpp.vcxproj", "{0DD6EDD2-46A9-4B8C-914B-FA918957387B}"
EndProject
Project("{8BC9CEB8-8B4A-11D0-8D11-00A0C91BC942}") = "SpreadsheetProject", "SpreadsheetProject\SpreadsheetProject.vcxproj", "{6DB18974-AFE5-4272-94A6-BE6D3675F127}"
EndProject
Global
	GlobalSection(SolutionConfigurationPlatforms) = preSolution
		Debug|x64 = Debug|x64
		Debug|x86 = Debug|x86
		Release|x64 = Release|x64
		Release|x86 = Release|x86
	EndGlobalSection
	GlobalSection(ProjectConfigurationPlatforms) = postSolution
		{0DD6EDD2-46A9-4B8C-914B-FA918957387B}.Debug|x64.ActiveCfg = Debug|x64
		{0DD6EDD2-46A9-4B8C-914B-FA918957387B}.Debug|x64.Build.0 = Debug|x64
		{0DD6EDD2-46A9-4B8C-914B-FA918957387B}.Debug|x86.ActiveCfg = Debug|Win32
		{0DD6EDD2-46A9-4B8C-914B-FA918957387B}.Debug|x86.Build.0 = Debug|Win32
		{0DD6EDD2-46A9-4B8C-914B-FA918957387B}.Release|x64.ActiveCfg = Release|x64
		{0DD6EDD2-46A9-4B8C-914B-FA918957387B}.Release|x64.Build.0 = Release|x64
		{0DD6EDD2-46A9-4B8C-914B-FA918957387B}.Release|x86.ActiveCfg = Release|Win32
		{0DD6EDD2-46A9-4B8C-914B-FA918957387B}.Release|x86.Build.0 = Release|Win32
		{6DB18974-AFE5-4272-94A6-BE6D3675F127}.Debug|x64.ActiveCfg = Debug|x64
		{6DB18974-AFE5-4272-94A6-BE6D3675F127}.Debug|x64.Build.0 = Debug|x64
		{6DB18974-AFE5-4272-94A6-BE6D3675F127}.Debug|x86.ActiveCfg = Debug|Win32
		{6DB18974-AFE5-4272-94A6-BE6D3675F127}.Debug|x86.Build.0 = Debug|Win32
		{6DB18974-AFE5-4272-94A6-BE6D3675F127}.Release|x64.ActiveCfg = Release|x64
		{6DB18974-AFE5-4272-94A6-BE6D3675F127}.Release|x64.Build.0 = Release|x64
		{6DB18974-AFE5-4272-94A6-BE6D3675F127}.Release|x86.ActiveCfg = Release|Win32
		{6DB18974-AFE5-4272-94A6-BE6D3675F127}.Release|x86.Build.0 = Release|Win32
	EndGlobalSection
	GlobalSection(SolutionProperties) = preSolution
		HideSolutionNode = FALSE
	EndGlobalSection
	GlobalSection(ExtensibilityGlobals) = postSolution
		SolutionGuid = {F94DEACB-96BE-491F-915F-E766840A5131}
	EndGlobalSection
EndGlobal
